// !$*UTF8*$!
{
	archiveVersion = 1;
	classes = {
	};
	objectVersion = 46;
	objects = {

/* Begin PBXBuildFile section */
		2E690BEE1F136B2600661674 /* main.m in Sources */ = {isa = PBXBuildFile; fileRef = 2E690BED1F136B2600661674 /* main.m */; };
		2E690BF11F136B2600661674 /* AppDelegate.m in Sources */ = {isa = PBXBuildFile; fileRef = 2E690BF01F136B2600661674 /* AppDelegate.m */; };
		2E690BF41F136B2600661674 /* ViewController.m in Sources */ = {isa = PBXBuildFile; fileRef = 2E690BF31F136B2600661674 /* ViewController.m */; };
		2E690BF71F136B2600661674 /* Main.storyboard in Resources */ = {isa = PBXBuildFile; fileRef = 2E690BF51F136B2600661674 /* Main.storyboard */; };
		2E690BF91F136B2600661674 /* Assets.xcassets in Resources */ = {isa = PBXBuildFile; fileRef = 2E690BF81F136B2600661674 /* Assets.xcassets */; };
		2E690BFC1F136B2600661674 /* LaunchScreen.storyboard in Resources */ = {isa = PBXBuildFile; fileRef = 2E690BFA1F136B2600661674 /* LaunchScreen.storyboard */; };
		2E690C071F136B2600661674 /* CopyTests.m in Sources */ = {isa = PBXBuildFile; fileRef = 2E690C061F136B2600661674 /* CopyTests.m */; };
		2E690C121F136B2600661674 /* CopyUITests.m in Sources */ = {isa = PBXBuildFile; fileRef = 2E690C111F136B2600661674 /* CopyUITests.m */; };
/* End PBXBuildFile section */

/* Begin PBXContainerItemProxy section */
		2E690C031F136B2600661674 /* PBXContainerItemProxy */ = {
			isa = PBXContainerItemProxy;
			containerPortal = 2E690BE11F136B2500661674 /* Project object */;
			proxyType = 1;
			remoteGlobalIDString = 2E690BE81F136B2500661674;
			remoteInfo = Copy;
		};
		2E690C0E1F136B2600661674 /* PBXContainerItemProxy */ = {
			isa = PBXContainerItemProxy;
			containerPortal = 2E690BE11F136B2500661674 /* Project object */;
			proxyType = 1;
			remoteGlobalIDString = 2E690BE81F136B2500661674;
			remoteInfo = Copy;
		};
/* End PBXContainerItemProxy section */

/* Begin PBXFileReference section */
		2E690BE91F136B2500661674 /* Copy.app */ = {isa = PBXFileReference; explicitFileType = wrapper.application; includeInIndex = 0; path = Copy.app; sourceTree = BUILT_PRODUCTS_DIR; };
		2E690BED1F136B2600661674 /* main.m */ = {isa = PBXFileReference; lastKnownFileType = sourcecode.c.objc; path = main.m; sourceTree = "<group>"; };
		2E690BEF1F136B2600661674 /* AppDelegate.h */ = {isa = PBXFileReference; lastKnownFileType = sourcecode.c.h; path = AppDelegate.h; sourceTree = "<group>"; };
		2E690BF01F136B2600661674 /* AppDelegate.m */ = {isa = PBXFileReference; lastKnownFileType = sourcecode.c.objc; path = AppDelegate.m; sourceTree = "<group>"; };
		2E690BF21F136B2600661674 /* ViewController.h */ = {isa = PBXFileReference; lastKnownFileType = sourcecode.c.h; path = ViewController.h; sourceTree = "<group>"; };
		2E690BF31F136B2600661674 /* ViewController.m */ = {isa = PBXFileReference; lastKnownFileType = sourcecode.c.objc; path = ViewController.m; sourceTree = "<group>"; };
		2E690BF61F136B2600661674 /* Base */ = {isa = PBXFileReference; lastKnownFileType = file.storyboard; name = Base; path = Base.lproj/Main.storyboard; sourceTree = "<group>"; };
		2E690BF81F136B2600661674 /* Assets.xcassets */ = {isa = PBXFileReference; lastKnownFileType = folder.assetcatalog; path = Assets.xcassets; sourceTree = "<group>"; };
		2E690BFB1F136B2600661674 /* Base */ = {isa = PBXFileReference; lastKnownFileType = file.storyboard; name = Base; path = Base.lproj/LaunchScreen.storyboard; sourceTree = "<group>"; };
		2E690BFD1F136B2600661674 /* Info.plist */ = {isa = PBXFileReference; lastKnownFileType = text.plist.xml; path = Info.plist; sourceTree = "<group>"; };
		2E690C021F136B2600661674 /* CopyTests.xctest */ = {isa = PBXFileReference; explicitFileType = wrapper.cfbundle; includeInIndex = 0; path = CopyTests.xctest; sourceTree = BUILT_PRODUCTS_DIR; };
		2E690C061F136B2600661674 /* CopyTests.m */ = {isa = PBXFileReference; lastKnownFileType = sourcecode.c.objc; path = CopyTests.m; sourceTree = "<group>"; };
		2E690C081F136B2600661674 /* Info.plist */ = {isa = PBXFileReference; lastKnownFileType = text.plist.xml; path = Info.plist; sourceTree = "<group>"; };
		2E690C0D1F136B2600661674 /* CopyUITests.xctest */ = {isa = PBXFileReference; explicitFileType = wrapper.cfbundle; includeInIndex = 0; path = CopyUITests.xctest; sourceTree = BUILT_PRODUCTS_DIR; };
		2E690C111F136B2600661674 /* CopyUITests.m */ = {isa = PBXFileReference; lastKnownFileType = sourcecode.c.objc; path = CopyUITests.m; sourceTree = "<group>"; };
		2E690C131F136B2600661674 /* Info.plist */ = {isa = PBXFileReference; lastKnownFileType = text.plist.xml; path = Info.plist; sourceTree = "<group>"; };
/* End PBXFileReference section */

/* Begin PBXFrameworksBuildPhase section */
		2E690BE61F136B2500661674 /* Frameworks */ = {
			isa = PBXFrameworksBuildPhase;
			buildActionMask = 2147483647;
			files = (
			);
			runOnlyForDeploymentPostprocessing = 0;
		};
		2E690BFF1F136B2600661674 /* Frameworks */ = {
			isa = PBXFrameworksBuildPhase;
			buildActionMask = 2147483647;
			files = (
			);
			runOnlyForDeploymentPostprocessing = 0;
		};
		2E690C0A1F136B2600661674 /* Frameworks */ = {
			isa = PBXFrameworksBuildPhase;
			buildActionMask = 2147483647;
			files = (
			);
			runOnlyForDeploymentPostprocessing = 0;
		};
/* End PBXFrameworksBuildPhase section */

/* Begin PBXGroup section */
		2E690BE01F136B2500661674 = {
			isa = PBXGroup;
			children = (
				2E690BEB1F136B2500661674 /* Copy */,
				2E690C051F136B2600661674 /* CopyTests */,
				2E690C101F136B2600661674 /* CopyUITests */,
				2E690BEA1F136B2500661674 /* Products */,
			);
			sourceTree = "<group>";
		};
		2E690BEA1F136B2500661674 /* Products */ = {
			isa = PBXGroup;
			children = (
				2E690BE91F136B2500661674 /* Copy.app */,
				2E690C021F136B2600661674 /* CopyTests.xctest */,
				2E690C0D1F136B2600661674 /* CopyUITests.xctest */,
			);
			name = Products;
			sourceTree = "<group>";
		};
		2E690BEB1F136B2500661674 /* Copy */ = {
			isa = PBXGroup;
			children = (
				2E690BEF1F136B2600661674 /* AppDelegate.h */,
				2E690BF01F136B2600661674 /* AppDelegate.m */,
				2E690BF21F136B2600661674 /* ViewController.h */,
				2E690BF31F136B2600661674 /* ViewController.m */,
				2E690BF51F136B2600661674 /* Main.storyboard */,
				2E690BF81F136B2600661674 /* Assets.xcassets */,
				2E690BFA1F136B2600661674 /* LaunchScreen.storyboard */,
				2E690BFD1F136B2600661674 /* Info.plist */,
				2E690BEC1F136B2500661674 /* Supporting Files */,
			);
			path = Copy;
			sourceTree = "<group>";
		};
		2E690BEC1F136B2500661674 /* Supporting Files */ = {
			isa = PBXGroup;
			children = (
				2E690BED1F136B2600661674 /* main.m */,
			);
			name = "Supporting Files";
			sourceTree = "<group>";
		};
		2E690C051F136B2600661674 /* CopyTests */ = {
			isa = PBXGroup;
			children = (
				2E690C061F136B2600661674 /* CopyTests.m */,
				2E690C081F136B2600661674 /* Info.plist */,
			);
			path = CopyTests;
			sourceTree = "<group>";
		};
		2E690C101F136B2600661674 /* CopyUITests */ = {
			isa = PBXGroup;
			children = (
				2E690C111F136B2600661674 /* CopyUITests.m */,
				2E690C131F136B2600661674 /* Info.plist */,
			);
			path = CopyUITests;
			sourceTree = "<group>";
		};
/* End PBXGroup section */

/* Begin PBXNativeTarget section */
		2E690BE81F136B2500661674 /* Copy */ = {
			isa = PBXNativeTarget;
			buildConfigurationList = 2E690C161F136B2600661674 /* Build configuration list for PBXNativeTarget "Copy" */;
			buildPhases = (
				2E690BE51F136B2500661674 /* Sources */,
				2E690BE61F136B2500661674 /* Frameworks */,
				2E690BE71F136B2500661674 /* Resources */,
			);
			buildRules = (
			);
			dependencies = (
			);
			name = Copy;
			productName = Copy;
			productReference = 2E690BE91F136B2500661674 /* Copy.app */;
			productType = "com.apple.product-type.application";
		};
		2E690C011F136B2600661674 /* CopyTests */ = {
			isa = PBXNativeTarget;
			buildConfigurationList = 2E690C191F136B2600661674 /* Build configuration list for PBXNativeTarget "CopyTests" */;
			buildPhases = (
				2E690BFE1F136B2600661674 /* Sources */,
				2E690BFF1F136B2600661674 /* Frameworks */,
				2E690C001F136B2600661674 /* Resources */,
			);
			buildRules = (
			);
			dependencies = (
				2E690C041F136B2600661674 /* PBXTargetDependency */,
			);
			name = CopyTests;
			productName = CopyTests;
			productReference = 2E690C021F136B2600661674 /* CopyTests.xctest */;
			productType = "com.apple.product-type.bundle.unit-test";
		};
		2E690C0C1F136B2600661674 /* CopyUITests */ = {
			isa = PBXNativeTarget;
			buildConfigurationList = 2E690C1C1F136B2600661674 /* Build configuration list for PBXNativeTarget "CopyUITests" */;
			buildPhases = (
				2E690C091F136B2600661674 /* Sources */,
				2E690C0A1F136B2600661674 /* Frameworks */,
				2E690C0B1F136B2600661674 /* Resources */,
			);
			buildRules = (
			);
			dependencies = (
				2E690C0F1F136B2600661674 /* PBXTargetDependency */,
			);
			name = CopyUITests;
			productName = CopyUITests;
			productReference = 2E690C0D1F136B2600661674 /* CopyUITests.xctest */;
			productType = "com.apple.product-type.bundle.ui-testing";
		};
/* End PBXNativeTarget section */

/* Begin PBXProject section */
		2E690BE11F136B2500661674 /* Project object */ = {
			isa = PBXProject;
			attributes = {
				LastUpgradeCheck = 0830;
				ORGANIZATIONNAME = View;
				TargetAttributes = {
					2E690BE81F136B2500661674 = {
						CreatedOnToolsVersion = 8.3.3;
						ProvisioningStyle = Automatic;
					};
					2E690C011F136B2600661674 = {
						CreatedOnToolsVersion = 8.3.3;
						ProvisioningStyle = Automatic;
						TestTargetID = 2E690BE81F136B2500661674;
					};
					2E690C0C1F136B2600661674 = {
						CreatedOnToolsVersion = 8.3.3;
						ProvisioningStyle = Automatic;
						TestTargetID = 2E690BE81F136B2500661674;
					};
				};
			};
			buildConfigurationList = 2E690BE41F136B2500661674 /* Build configuration list for PBXProject "Copy" */;
			compatibilityVersion = "Xcode 3.2";
			developmentRegion = English;
			hasScannedForEncodings = 0;
			knownRegions = (
				en,
				Base,
			);
			mainGroup = 2E690BE01F136B2500661674;
			productRefGroup = 2E690BEA1F136B2500661674 /* Products */;
			projectDirPath = "";
			projectRoot = "";
			targets = (
				2E690BE81F136B2500661674 /* Copy */,
				2E690C011F136B2600661674 /* CopyTests */,
				2E690C0C1F136B2600661674 /* CopyUITests */,
			);
		};
/* End PBXProject section */

/* Begin PBXResourcesBuildPhase section */
		2E690BE71F136B2500661674 /* Resources */ = {
			isa = PBXResourcesBuildPhase;
			buildActionMask = 2147483647;
			files = (
				2E690BFC1F136B2600661674 /* LaunchScreen.storyboard in Resources */,
				2E690BF91F136B2600661674 /* Assets.xcassets in Resources */,
				2E690BF71F136B2600661674 /* Main.storyboard in Resources */,
			);
			runOnlyForDeploymentPostprocessing = 0;
		};
		2E690C001F136B2600661674 /* Resources */ = {
			isa = PBXResourcesBuildPhase;
			buildActionMask = 2147483647;
			files = (
			);
			runOnlyForDeploymentPostprocessing = 0;
		};
		2E690C0B1F136B2600661674 /* Resources */ = {
			isa = PBXResourcesBuildPhase;
			buildActionMask = 2147483647;
			files = (
			);
			runOnlyForDeploymentPostprocessing = 0;
		};
/* End PBXResourcesBuildPhase section */

/* Begin PBXSourcesBuildPhase section */
		2E690BE51F136B2500661674 /* Sources */ = {
			isa = PBXSourcesBuildPhase;
			buildActionMask = 2147483647;
			files = (
				2E690BF41F136B2600661674 /* ViewController.m in Sources */,
				2E690BF11F136B2600661674 /* AppDelegate.m in Sources */,
				2E690BEE1F136B2600661674 /* main.m in Sources */,
			);
			runOnlyForDeploymentPostprocessing = 0;
		};
		2E690BFE1F136B2600661674 /* Sources */ = {
			isa = PBXSourcesBuildPhase;
			buildActionMask = 2147483647;
			files = (
				2E690C071F136B2600661674 /* CopyTests.m in Sources */,
			);
			runOnlyForDeploymentPostprocessing = 0;
		};
		2E690C091F136B2600661674 /* Sources */ = {
			isa = PBXSourcesBuildPhase;
			buildActionMask = 2147483647;
			files = (
				2E690C121F136B2600661674 /* CopyUITests.m in Sources */,
			);
			runOnlyForDeploymentPostprocessing = 0;
		};
/* End PBXSourcesBuildPhase section */

/* Begin PBXTargetDependency section */
		2E690C041F136B2600661674 /* PBXTargetDependency */ = {
			isa = PBXTargetDependency;
			target = 2E690BE81F136B2500661674 /* Copy */;
			targetProxy = 2E690C031F136B2600661674 /* PBXContainerItemProxy */;
		};
		2E690C0F1F136B2600661674 /* PBXTargetDependency */ = {
			isa = PBXTargetDependency;
			target = 2E690BE81F136B2500661674 /* Copy */;
			targetProxy = 2E690C0E1F136B2600661674 /* PBXContainerItemProxy */;
		};
/* End PBXTargetDependency section */

/* Begin PBXVariantGroup section */
		2E690BF51F136B2600661674 /* Main.storyboard */ = {
			isa = PBXVariantGroup;
			children = (
				2E690BF61F136B2600661674 /* Base */,
			);
			name = Main.storyboard;
			sourceTree = "<group>";
		};
		2E690BFA1F136B2600661674 /* LaunchScreen.storyboard */ = {
			isa = PBXVariantGroup;
			children = (
				2E690BFB1F136B2600661674 /* Base */,
			);
			name = LaunchScreen.storyboard;
			sourceTree = "<group>";
		};
/* End PBXVariantGroup section */

/* Begin XCBuildConfiguration section */
		2E690C141F136B2600661674 /* Debug */ = {
			isa = XCBuildConfiguration;
			buildSettings = {
				ALWAYS_SEARCH_USER_PATHS = NO;
				CLANG_ANALYZER_NONNULL = YES;
				CLANG_ANALYZER_NUMBER_OBJECT_CONVERSION = YES_AGGRESSIVE;
				CLANG_CXX_LANGUAGE_STANDARD = "gnu++0x";
				CLANG_CXX_LIBRARY = "libc++";
				CLANG_ENABLE_MODULES = YES;
				CLANG_ENABLE_OBJC_ARC = YES;
				CLANG_WARN_BOOL_CONVERSION = YES;
				CLANG_WARN_CONSTANT_CONVERSION = YES;
				CLANG_WARN_DIRECT_OBJC_ISA_USAGE = YES_ERROR;
				CLANG_WARN_DOCUMENTATION_COMMENTS = YES;
				CLANG_WARN_EMPTY_BODY = YES;
				CLANG_WARN_ENUM_CONVERSION = YES;
				CLANG_WARN_INFINITE_RECURSION = YES;
				CLANG_WARN_INT_CONVERSION = YES;
				CLANG_WARN_OBJC_ROOT_CLASS = YES_ERROR;
				CLANG_WARN_SUSPICIOUS_MOVE = YES;
				CLANG_WARN_UNREACHABLE_CODE = YES;
				CLANG_WARN__DUPLICATE_METHOD_MATCH = YES;
				"CODE_SIGN_IDENTITY[sdk=iphoneos*]" = "iPhone Developer";
				COPY_PHASE_STRIP = NO;
				DEBUG_INFORMATION_FORMAT = dwarf;
				ENABLE_STRICT_OBJC_MSGSEND = YES;
				ENABLE_TESTABILITY = YES;
				GCC_C_LANGUAGE_STANDARD = gnu99;
				GCC_DYNAMIC_NO_PIC = NO;
				GCC_NO_COMMON_BLOCKS = YES;
				GCC_OPTIMIZATION_LEVEL = 0;
				GCC_PREPROCESSOR_DEFINITIONS = (
					"DEBUG=1",
					"$(inherited)",
				);
				GCC_WARN_64_TO_32_BIT_CONVERSION = YES;
				GCC_WARN_ABOUT_RETURN_TYPE = YES_ERROR;
				GCC_WARN_UNDECLARED_SELECTOR = YES;
				GCC_WARN_UNINITIALIZED_AUTOS = YES_AGGRESSIVE;
				GCC_WARN_UNUSED_FUNCTION = YES;
				GCC_WARN_UNUSED_VARIABLE = YES;
				IPHONEOS_DEPLOYMENT_TARGET = 10.3;
				MTL_ENABLE_DEBUG_INFO = YES;
				ONLY_ACTIVE_ARCH = YES;
				SDKROOT = iphoneos;
			};
			name = Debug;
		};
		2E690C151F136B2600661674 /* Release */ = {
			isa = XCBuildConfiguration;
			buildSettings = {
				ALWAYS_SEARCH_USER_PATHS = NO;
				CLANG_ANALYZER_NONNULL = YES;
				CLANG_ANALYZER_NUMBER_OBJECT_CONVERSION = YES_AGGRESSIVE;
				CLANG_CXX_LANGUAGE_STANDARD = "gnu++0x";
				CLANG_CXX_LIBRARY = "libc++";
				CLANG_ENABLE_MODULES = YES;
				CLANG_ENABLE_OBJC_ARC = YES;
				CLANG_WARN_BOOL_CONVERSION = YES;
				CLANG_WARN_CONSTANT_CONVERSION = YES;
				CLANG_WARN_DIRECT_OBJC_ISA_USAGE = YES_ERROR;
				CLANG_WARN_DOCUMENTATION_COMMENTS = YES;
				CLANG_WARN_EMPTY_BODY = YES;
				CLANG_WARN_ENUM_CONVERSION = YES;
				CLANG_WARN_INFINITE_RECURSION = YES;
				CLANG_WARN_INT_CONVERSION = YES;
				CLANG_WARN_OBJC_ROOT_CLASS = YES_ERROR;
				CLANG_WARN_SUSPICIOUS_MOVE = YES;
				CLANG_WARN_UNREACHABLE_CODE = YES;
				CLANG_WARN__DUPLICATE_METHOD_MATCH = YES;
				"CODE_SIGN_IDENTITY[sdk=iphoneos*]" = "iPhone Developer";
				COPY_PHASE_STRIP = NO;
				DEBUG_INFORMATION_FORMAT = "dwarf-with-dsym";
				ENABLE_NS_ASSERTIONS = NO;
				ENABLE_STRICT_OBJC_MSGSEND = YES;
				GCC_C_LANGUAGE_STANDARD = gnu99;
				GCC_NO_COMMON_BLOCKS = YES;
				GCC_WARN_64_TO_32_BIT_CONVERSION = YES;
				GCC_WARN_ABOUT_RETURN_TYPE = YES_ERROR;
				GCC_WARN_UNDECLARED_SELECTOR = YES;
				GCC_WARN_UNINITIALIZED_AUTOS = YES_AGGRESSIVE;
				GCC_WARN_UNUSED_FUNCTION = YES;
				GCC_WARN_UNUSED_VARIABLE = YES;
				IPHONEOS_DEPLOYMENT_TARGET = 10.3;
				MTL_ENABLE_DEBUG_INFO = NO;
				SDKROOT = iphoneos;
				VALIDATE_PRODUCT = YES;
			};
			name = Release;
		};
		2E690C171F136B2600661674 /* Debug */ = {
			isa = XCBuildConfiguration;
			buildSettings = {
				ASSETCATALOG_COMPILER_APPICON_NAME = AppIcon;
				INFOPLIST_FILE = Copy/Info.plist;
				LD_RUNPATH_SEARCH_PATHS = "$(inherited) @executable_path/Frameworks";
				PRODUCT_BUNDLE_IDENTIFIER = com.test.Copy;
				PRODUCT_NAME = "$(TARGET_NAME)";
			};
			name = Debug;
		};
		2E690C181F136B2600661674 /* Release */ = {
			isa = XCBuildConfiguration;
			buildSettings = {
				ASSETCATALOG_COMPILER_APPICON_NAME = AppIcon;
				INFOPLIST_FILE = Copy/Info.plist;
				LD_RUNPATH_SEARCH_PATHS = "$(inherited) @executable_path/Frameworks";
				PRODUCT_BUNDLE_IDENTIFIER = com.test.Copy;
				PRODUCT_NAME = "$(TARGET_NAME)";
			};
			name = Release;
		};
		2E690C1A1F136B2600661674 /* Debug */ = {
			isa = XCBuildConfiguration;
			buildSettings = {
				BUNDLE_LOADER = "$(TEST_HOST)";
				INFOPLIST_FILE = CopyTests/Info.plist;
				LD_RUNPATH_SEARCH_PATHS = "$(inherited) @executable_path/Frameworks @loader_path/Frameworks";
				PRODUCT_BUNDLE_IDENTIFIER = com.test.CopyTests;
				PRODUCT_NAME = "$(TARGET_NAME)";
				TEST_HOST = "$(BUILT_PRODUCTS_DIR)/Copy.app/Copy";
			};
			name = Debug;
		};
		2E690C1B1F136B2600661674 /* Release */ = {
			isa = XCBuildConfiguration;
			buildSettings = {
				BUNDLE_LOADER = "$(TEST_HOST)";
				INFOPLIST_FILE = CopyTests/Info.plist;
				LD_RUNPATH_SEARCH_PATHS = "$(inherited) @executable_path/Frameworks @loader_path/Frameworks";
				PRODUCT_BUNDLE_IDENTIFIER = com.test.CopyTests;
				PRODUCT_NAME = "$(TARGET_NAME)";
				TEST_HOST = "$(BUILT_PRODUCTS_DIR)/Copy.app/Copy";
			};
			name = Release;
		};
		2E690C1D1F136B2600661674 /* Debug */ = {
			isa = XCBuildConfiguration;
			buildSettings = {
				INFOPLIST_FILE = CopyUITests/Info.plist;
				LD_RUNPATH_SEARCH_PATHS = "$(inherited) @executable_path/Frameworks @loader_path/Frameworks";
				PRODUCT_BUNDLE_IDENTIFIER = com.test.CopyUITests;
				PRODUCT_NAME = "$(TARGET_NAME)";
				TEST_TARGET_NAME = Copy;
			};
			name = Debug;
		};
		2E690C1E1F136B2600661674 /* Release */ = {
			isa = XCBuildConfiguration;
			buildSettings = {
				INFOPLIST_FILE = CopyUITests/Info.plist;
				LD_RUNPATH_SEARCH_PATHS = "$(inherited) @executable_path/Frameworks @loader_path/Frameworks";
				PRODUCT_BUNDLE_IDENTIFIER = com.test.CopyUITests;
				PRODUCT_NAME = "$(TARGET_NAME)";
				TEST_TARGET_NAME = Copy;
			};
			name = Release;
		};
/* End XCBuildConfiguration section */

/* Begin XCConfigurationList section */
		2E690BE41F136B2500661674 /* Build configuration list for PBXProject "Copy" */ = {
			isa = XCConfigurationList;
			buildConfigurations = (
				2E690C141F136B2600661674 /* Debug */,
				2E690C151F136B2600661674 /* Release */,
			);
			defaultConfigurationIsVisible = 0;
			defaultConfigurationName = Release;
		};
		2E690C161F136B2600661674 /* Build configuration list for PBXNativeTarget "Copy" */ = {
			isa = XCConfigurationList;
			buildConfigurations = (
				2E690C171F136B2600661674 /* Debug */,
				2E690C181F136B2600661674 /* Release */,
			);
			defaultConfigurationIsVisible = 0;
		};
		2E690C191F136B2600661674 /* Build configuration list for PBXNativeTarget "CopyTests" */ = {
			isa = XCConfigurationList;
			buildConfigurations = (
				2E690C1A1F136B2600661674 /* Debug */,
				2E690C1B1F136B2600661674 /* Release */,
			);
			defaultConfigurationIsVisible = 0;
		};
		2E690C1C1F136B2600661674 /* Build configuration list for PBXNativeTarget "CopyUITests" */ = {
			isa = XCConfigurationList;
			buildConfigurations = (
				2E690C1D1F136B2600661674 /* Debug */,
				2E690C1E1F136B2600661674 /* Release */,
			);
			defaultConfigurationIsVisible = 0;
		};
/* End XCConfigurationList section */
	};
	rootObject = 2E690BE11F136B2500661674 /* Project object */;
}
